[ "cowboy": {:git, "git://github.com/extend/cowboy.git", "9f33a20d9425daf7491836e73f503c206cc170be", []},
  "cowlib": {:git, "git://github.com/extend/cowlib.git", "63298e8e160031a70efff86a1acde7e7db1fcda6", [{:ref, "0.4.0"}]},
  "goldrush": {:git, "git://github.com/DeadZen/goldrush.git", "1d883423ac360b3536ca52dc733a0164bacf3109", [{:tag, "0.1.5"}]},
  "lager": {:git, "git://github.com/basho/lager.git", "7763143a293edebb2885d8a7cf8124778edb8bba", []},
  "ranch": {:git, "git://github.com/extend/ranch.git", "5df1f222f94e08abdcab7084f5e13027143cc222", [{:ref, "0.9.0"}]} ]
